
Microsoft Visual Studio Solution File, Format Version 12.00
# Visual Studio Version 16
VisualStudioVersion = 16.0.30114.105
MinimumVisualStudioVersion = 10.0.40219.1
Project("{FAE04EC0-301F-11D3-BF4B-00C04F79EFBC}") = "SportsStore", "SportsStore\SportsStore.csproj", "{A3ED6AB0-3B4A-4AF0-987D-C78E7DEBEAEA}"
EndProject
Project("{FAE04EC0-301F-11D3-BF4B-00C04F79EFBC}") = "SportsStore.Tests", "SportsStore.Tests\SportsStore.Tests.csproj", "{B7737A05-CA6B-4B8E-B2C9-DA67AE54904A}"
EndProject
Global
	GlobalSection(SolutionConfigurationPlatforms) = preSolution
		Debug|Any CPU = Debug|Any CPU
		Debug|x64 = Debug|x64
		Debug|x86 = Debug|x86
		Release|Any CPU = Release|Any CPU
		Release|x64 = Release|x64
		Release|x86 = Release|x86
	EndGlobalSection
	GlobalSection(SolutionProperties) = preSolution
		HideSolutionNode = FALSE
	EndGlobalSection
	GlobalSection(ProjectConfigurationPlatforms) = postSolution
		{A3ED6AB0-3B4A-4AF0-987D-C78E7DEBEAEA}.Debug|Any CPU.ActiveCfg = Debug|Any CPU
		{A3ED6AB0-3B4A-4AF0-987D-C78E7DEBEAEA}.Debug|Any CPU.Build.0 = Debug|Any CPU
		{A3ED6AB0-3B4A-4AF0-987D-C78E7DEBEAEA}.Debug|x64.ActiveCfg = Debug|Any CPU
		{A3ED6AB0-3B4A-4AF0-987D-C78E7DEBEAEA}.Debug|x64.Build.0 = Debug|Any CPU
		{A3ED6AB0-3B4A-4AF0-987D-C78E7DEBEAEA}.Debug|x86.ActiveCfg = Debug|Any CPU
		{A3ED6AB0-3B4A-4AF0-987D-C78E7DEBEAEA}.Debug|x86.Build.0 = Debug|Any CPU
		{A3ED6AB0-3B4A-4AF0-987D-C78E7DEBEAEA}.Release|Any CPU.ActiveCfg = Release|Any CPU
		{A3ED6AB0-3B4A-4AF0-987D-C78E7DEBEAEA}.Release|Any CPU.Build.0 = Release|Any CPU
		{A3ED6AB0-3B4A-4AF0-987D-C78E7DEBEAEA}.Release|x64.ActiveCfg = Release|Any CPU
		{A3ED6AB0-3B4A-4AF0-987D-C78E7DEBEAEA}.Release|x64.Build.0 = Release|Any CPU
		{A3ED6AB0-3B4A-4AF0-987D-C78E7DEBEAEA}.Release|x86.ActiveCfg = Release|Any CPU
		{A3ED6AB0-3B4A-4AF0-987D-C78E7DEBEAEA}.Release|x86.Build.0 = Release|Any CPU
		{B7737A05-CA6B-4B8E-B2C9-DA67AE54904A}.Debug|Any CPU.ActiveCfg = Debug|Any CPU
		{B7737A05-CA6B-4B8E-B2C9-DA67AE54904A}.Debug|Any CPU.Build.0 = Debug|Any CPU
		{B7737A05-CA6B-4B8E-B2C9-DA67AE54904A}.Debug|x64.ActiveCfg = Debug|Any CPU
		{B7737A05-CA6B-4B8E-B2C9-DA67AE54904A}.Debug|x64.Build.0 = Debug|Any CPU
		{B7737A05-CA6B-4B8E-B2C9-DA67AE54904A}.Debug|x86.ActiveCfg = Debug|Any CPU
		{B7737A05-CA6B-4B8E-B2C9-DA67AE54904A}.Debug|x86.Build.0 = Debug|Any CPU
		{B7737A05-CA6B-4B8E-B2C9-DA67AE54904A}.Release|Any CPU.ActiveCfg = Release|Any CPU
		{B7737A05-CA6B-4B8E-B2C9-DA67AE54904A}.Release|Any CPU.Build.0 = Release|Any CPU
		{B7737A05-CA6B-4B8E-B2C9-DA67AE54904A}.Release|x64.ActiveCfg = Release|Any CPU
		{B7737A05-CA6B-4B8E-B2C9-DA67AE54904A}.Release|x64.Build.0 = Release|Any CPU
		{B7737A05-CA6B-4B8E-B2C9-DA67AE54904A}.Release|x86.ActiveCfg = Release|Any CPU
		{B7737A05-CA6B-4B8E-B2C9-DA67AE54904A}.Release|x86.Build.0 = Release|Any CPU
	EndGlobalSection
EndGlobal
